{
    "version": 3,
    "terraform_version": "0.11.7",
    "serial": 16,
    "lineage": "6931266b-69f4-6b98-7d39-bbd3991dd29a",
    "modules": [
        {
            "path": [
                "root"
            ],
            "outputs": {},
            "resources": {
                "google_compute_backend_service.default": {
                    "type": "google_compute_backend_service",
                    "depends_on": [
                        "google_compute_health_check.default",
                        "google_compute_region_instance_group_manager.instance_group_manager_canada",
                        "google_compute_region_instance_group_manager.instance_group_manager_singapore"
                    ],
                    "primary": {
                        "id": "multi-region-gce-backend",
                        "attributes": {
                            "affinity_cookie_ttl_sec": "0",
                            "backend.#": "2",
                            "backend.173510766.balancing_mode": "UTILIZATION",
                            "backend.173510766.capacity_scaler": "1",
                            "backend.173510766.description": "",
                            "backend.173510766.group": "https://www.googleapis.com/compute/v1/projects/michaelmarkieta-gcp-demos/regions/northamerica-northeast1/instanceGroups/instance-group-manager",
                            "backend.173510766.max_connections": "0",
                            "backend.173510766.max_connections_per_endpoint": "0",
                            "backend.173510766.max_connections_per_instance": "0",
                            "backend.173510766.max_rate": "0",
                            "backend.173510766.max_rate_per_endpoint": "0",
                            "backend.173510766.max_rate_per_instance": "0",
                            "backend.173510766.max_utilization": "0.8",
                            "backend.3215083486.balancing_mode": "UTILIZATION",
                            "backend.3215083486.capacity_scaler": "1",
                            "backend.3215083486.description": "",
                            "backend.3215083486.group": "https://www.googleapis.com/compute/v1/projects/michaelmarkieta-gcp-demos/regions/asia-southeast1/instanceGroups/instance-group-manager",
                            "backend.3215083486.max_connections": "0",
                            "backend.3215083486.max_connections_per_endpoint": "0",
                            "backend.3215083486.max_connections_per_instance": "0",
                            "backend.3215083486.max_rate": "0",
                            "backend.3215083486.max_rate_per_endpoint": "0",
                            "backend.3215083486.max_rate_per_instance": "0",
                            "backend.3215083486.max_utilization": "0.8",
                            "cdn_policy.#": "0",
                            "connection_draining_timeout_sec": "300",
                            "creation_timestamp": "2019-08-29T20:41:03.284-07:00",
                            "description": "",
                            "enable_cdn": "false",
                            "fingerprint": "0qsI5duGUiY=",
                            "health_checks.#": "1",
                            "health_checks.268249464": "https://www.googleapis.com/compute/v1/projects/michaelmarkieta-gcp-demos/global/healthChecks/autohealing-health-check",
                            "iap.#": "0",
                            "id": "multi-region-gce-backend",
                            "load_balancing_scheme": "EXTERNAL",
                            "name": "multi-region-gce-backend",
                            "port_name": "multi-region-gce",
                            "project": "michaelmarkieta-gcp-demos",
                            "protocol": "HTTP",
                            "security_policy": "",
                            "self_link": "https://www.googleapis.com/compute/v1/projects/michaelmarkieta-gcp-demos/global/backendServices/multi-region-gce-backend",
                            "session_affinity": "NONE",
                            "timeout_sec": "10"
                        },
                        "meta": {
                            "e2bfb730-ecaa-11e6-8f88-34363bc7c4c0": {
                                "create": 240000000000,
                                "delete": 240000000000,
                                "update": 240000000000
                            },
                            "schema_version": "1"
                        },
                        "tainted": false
                    },
                    "deposed": [],
                    "provider": "provider.google"
                },
                "google_compute_firewall.default": {
                    "type": "google_compute_firewall",
                    "depends_on": [],
                    "primary": {
                        "id": "default-allow-http",
                        "attributes": {
                            "allow.#": "1",
                            "allow.272637744.ports.#": "1",
                            "allow.272637744.ports.0": "80",
                            "allow.272637744.protocol": "tcp",
                            "creation_timestamp": "2019-08-29T19:56:30.883-07:00",
                            "deny.#": "0",
                            "description": "",
                            "destination_ranges.#": "0",
                            "direction": "INGRESS",
                            "disabled": "false",
                            "id": "default-allow-http",
                            "name": "default-allow-http",
                            "network": "https://www.googleapis.com/compute/v1/projects/michaelmarkieta-gcp-demos/global/networks/default",
                            "priority": "1000",
                            "project": "michaelmarkieta-gcp-demos",
                            "self_link": "https://www.googleapis.com/compute/v1/projects/michaelmarkieta-gcp-demos/global/firewalls/default-allow-http",
                            "source_ranges.#": "1",
                            "source_ranges.1080289494": "0.0.0.0/0",
                            "source_service_accounts.#": "0",
                            "source_tags.#": "0",
                            "target_service_accounts.#": "0",
                            "target_tags.#": "1",
                            "target_tags.2541227442": "http"
                        },
                        "meta": {
                            "e2bfb730-ecaa-11e6-8f88-34363bc7c4c0": {
                                "create": 240000000000,
                                "delete": 240000000000,
                                "update": 240000000000
                            },
                            "schema_version": "1"
                        },
                        "tainted": false
                    },
                    "deposed": [],
                    "provider": "provider.google"
                },
                "google_compute_global_address.default": {
                    "type": "google_compute_global_address",
                    "depends_on": [],
                    "primary": {
                        "id": "multi-region-gce",
                        "attributes": {
                            "address": "34.95.95.13",
                            "address_type": "EXTERNAL",
                            "creation_timestamp": "2019-08-29T20:36:58.161-07:00",
                            "description": "",
                            "id": "multi-region-gce",
                            "ip_version": "",
                            "name": "multi-region-gce",
                            "network": "",
                            "prefix_length": "0",
                            "project": "michaelmarkieta-gcp-demos",
                            "purpose": "",
                            "self_link": "https://www.googleapis.com/compute/v1/projects/michaelmarkieta-gcp-demos/global/addresses/multi-region-gce"
                        },
                        "meta": {
                            "e2bfb730-ecaa-11e6-8f88-34363bc7c4c0": {
                                "create": 240000000000,
                                "delete": 240000000000
                            }
                        },
                        "tainted": false
                    },
                    "deposed": [],
                    "provider": "provider.google"
                },
                "google_compute_global_forwarding_rule.default": {
                    "type": "google_compute_global_forwarding_rule",
                    "depends_on": [
                        "google_compute_global_address.default",
                        "google_compute_target_http_proxy.default"
                    ],
                    "primary": {
                        "id": "multi-region-gce-port-80",
                        "attributes": {
                            "description": "",
                            "id": "multi-region-gce-port-80",
                            "ip_address": "34.95.95.13",
                            "ip_protocol": "TCP",
                            "ip_version": "",
                            "load_balancing_scheme": "EXTERNAL",
                            "name": "multi-region-gce-port-80",
                            "port_range": "80-80",
                            "project": "michaelmarkieta-gcp-demos",
                            "self_link": "https://www.googleapis.com/compute/v1/projects/michaelmarkieta-gcp-demos/global/forwardingRules/multi-region-gce-port-80",
                            "target": "https://www.googleapis.com/compute/v1/projects/michaelmarkieta-gcp-demos/global/targetHttpProxies/multi-region-gce"
                        },
                        "meta": {
                            "e2bfb730-ecaa-11e6-8f88-34363bc7c4c0": {
                                "create": 240000000000,
                                "delete": 240000000000,
                                "update": 240000000000
                            }
                        },
                        "tainted": false
                    },
                    "deposed": [],
                    "provider": "provider.google"
                },
                "google_compute_health_check.default": {
                    "type": "google_compute_health_check",
                    "depends_on": [],
                    "primary": {
                        "id": "autohealing-health-check",
                        "attributes": {
                            "check_interval_sec": "5",
                            "creation_timestamp": "2019-08-29T20:36:58.124-07:00",
                            "description": "",
                            "healthy_threshold": "2",
                            "http_health_check.#": "1",
                            "http_health_check.0.host": "",
                            "http_health_check.0.port": "80",
                            "http_health_check.0.port_name": "",
                            "http_health_check.0.port_specification": "",
                            "http_health_check.0.proxy_header": "NONE",
                            "http_health_check.0.request_path": "/",
                            "http_health_check.0.response": "",
                            "https_health_check.#": "0",
                            "id": "autohealing-health-check",
                            "name": "autohealing-health-check",
                            "project": "michaelmarkieta-gcp-demos",
                            "self_link": "https://www.googleapis.com/compute/v1/projects/michaelmarkieta-gcp-demos/global/healthChecks/autohealing-health-check",
                            "ssl_health_check.#": "0",
                            "tcp_health_check.#": "0",
                            "timeout_sec": "5",
                            "type": "HTTP",
                            "unhealthy_threshold": "10"
                        },
                        "meta": {
                            "e2bfb730-ecaa-11e6-8f88-34363bc7c4c0": {
                                "create": 240000000000,
                                "delete": 240000000000,
                                "update": 240000000000
                            }
                        },
                        "tainted": false
                    },
                    "deposed": [],
                    "provider": "provider.google"
                },
                "google_compute_instance_template.default": {
                    "type": "google_compute_instance_template",
                    "depends_on": [],
                    "primary": {
                        "id": "instance-template",
                        "attributes": {
                            "can_ip_forward": "false",
                            "description": "",
                            "disk.#": "1",
                            "disk.0.auto_delete": "true",
                            "disk.0.boot": "true",
                            "disk.0.device_name": "persistent-disk-0",
                            "disk.0.disk_encryption_key.#": "0",
                            "disk.0.disk_name": "",
                            "disk.0.disk_size_gb": "0",
                            "disk.0.disk_type": "pd-standard",
                            "disk.0.interface": "SCSI",
                            "disk.0.labels.%": "0",
                            "disk.0.mode": "READ_WRITE",
                            "disk.0.source": "",
                            "disk.0.source_image": "projects/debian-cloud/global/images/family/debian-9",
                            "disk.0.type": "PERSISTENT",
                            "id": "instance-template",
                            "instance_description": "",
                            "machine_type": "n1-standard-1",
                            "metadata.%": "0",
                            "metadata_fingerprint": "EJ_ZHm7SbGs=",
                            "metadata_startup_script": "sudo apt-get update \u0026\u0026 sudo apt-get install apache2 -y \u0026\u0026 echo '\u003c!doctype html\u003e\u003chtml\u003e\u003cbody\u003e\u003ch1\u003eWelcome to my GCP Demo!\u003c/h1\u003e\u003c/body\u003e\u003c/html\u003e' | sudo tee /var/www/html/index.html",
                            "min_cpu_platform": "",
                            "name": "instance-template",
                            "network_interface.#": "1",
                            "network_interface.0.access_config.#": "1",
                            "network_interface.0.access_config.0.assigned_nat_ip": "",
                            "network_interface.0.access_config.0.nat_ip": "",
                            "network_interface.0.access_config.0.network_tier": "PREMIUM",
                            "network_interface.0.address": "",
                            "network_interface.0.alias_ip_range.#": "0",
                            "network_interface.0.network": "https://www.googleapis.com/compute/v1/projects/michaelmarkieta-gcp-demos/global/networks/default",
                            "network_interface.0.network_ip": "",
                            "network_interface.0.subnetwork": "",
                            "network_interface.0.subnetwork_project": "",
                            "project": "michaelmarkieta-gcp-demos",
                            "scheduling.#": "1",
                            "scheduling.0.automatic_restart": "true",
                            "scheduling.0.node_affinities.#": "0",
                            "scheduling.0.on_host_maintenance": "MIGRATE",
                            "scheduling.0.preemptible": "false",
                            "self_link": "https://www.googleapis.com/compute/beta/projects/michaelmarkieta-gcp-demos/global/instanceTemplates/instance-template",
                            "tags.#": "1",
                            "tags.2541227442": "http",
                            "tags_fingerprint": ""
                        },
                        "meta": {
                            "schema_version": "1"
                        },
                        "tainted": false
                    },
                    "deposed": [],
                    "provider": "provider.google"
                },
                "google_compute_region_instance_group_manager.instance_group_manager_canada": {
                    "type": "google_compute_region_instance_group_manager",
                    "depends_on": [
                        "google_compute_health_check.default",
                        "google_compute_instance_template.default"
                    ],
                    "primary": {
                        "id": "michaelmarkieta-gcp-demos/northamerica-northeast1/instance-group-manager",
                        "attributes": {
                            "auto_healing_policies.#": "1",
                            "auto_healing_policies.0.health_check": "https://www.googleapis.com/compute/beta/projects/michaelmarkieta-gcp-demos/global/healthChecks/autohealing-health-check",
                            "auto_healing_policies.0.initial_delay_sec": "30",
                            "base_instance_name": "canada",
                            "description": "",
                            "distribution_policy_zones.#": "3",
                            "distribution_policy_zones.1386056339": "northamerica-northeast1-a",
                            "distribution_policy_zones.3163810751": "northamerica-northeast1-c",
                            "distribution_policy_zones.3415530281": "northamerica-northeast1-b",
                            "fingerprint": "OGNIuANbCWw=",
                            "id": "michaelmarkieta-gcp-demos/northamerica-northeast1/instance-group-manager",
                            "instance_group": "https://www.googleapis.com/compute/v1/projects/michaelmarkieta-gcp-demos/regions/northamerica-northeast1/instanceGroups/instance-group-manager",
                            "name": "instance-group-manager",
                            "named_port.#": "0",
                            "project": "michaelmarkieta-gcp-demos",
                            "region": "northamerica-northeast1",
                            "self_link": "https://www.googleapis.com/compute/v1/projects/michaelmarkieta-gcp-demos/regions/northamerica-northeast1/instanceGroupManagers/instance-group-manager",
                            "target_pools.#": "0",
                            "target_size": "3",
                            "update_policy.#": "1",
                            "update_policy.0.instance_redistribution_type": "PROACTIVE",
                            "update_policy.0.max_surge_fixed": "3",
                            "update_policy.0.max_surge_percent": "0",
                            "update_policy.0.max_unavailable_fixed": "3",
                            "update_policy.0.max_unavailable_percent": "0",
                            "update_policy.0.min_ready_sec": "0",
                            "update_policy.0.minimal_action": "REPLACE",
                            "update_policy.0.type": "OPPORTUNISTIC",
                            "version.#": "1",
                            "version.0.instance_template": "https://www.googleapis.com/compute/v1/projects/michaelmarkieta-gcp-demos/global/instanceTemplates/instance-template",
                            "version.0.name": "latest",
                            "version.0.target_size.#": "0",
                            "wait_for_instances": "false"
                        },
                        "meta": {
                            "e2bfb730-ecaa-11e6-8f88-34363bc7c4c0": {
                                "create": 300000000000,
                                "delete": 900000000000,
                                "update": 300000000000
                            }
                        },
                        "tainted": false
                    },
                    "deposed": [],
                    "provider": "provider.google-beta"
                },
                "google_compute_region_instance_group_manager.instance_group_manager_singapore": {
                    "type": "google_compute_region_instance_group_manager",
                    "depends_on": [
                        "google_compute_health_check.default",
                        "google_compute_instance_template.default"
                    ],
                    "primary": {
                        "id": "michaelmarkieta-gcp-demos/asia-southeast1/instance-group-manager",
                        "attributes": {
                            "auto_healing_policies.#": "1",
                            "auto_healing_policies.0.health_check": "https://www.googleapis.com/compute/beta/projects/michaelmarkieta-gcp-demos/global/healthChecks/autohealing-health-check",
                            "auto_healing_policies.0.initial_delay_sec": "30",
                            "base_instance_name": "singapore",
                            "description": "",
                            "distribution_policy_zones.#": "3",
                            "distribution_policy_zones.1260961117": "asia-southeast1-a",
                            "distribution_policy_zones.2770787441": "asia-southeast1-c",
                            "distribution_policy_zones.3525438695": "asia-southeast1-b",
                            "fingerprint": "OGNIuANbCWw=",
                            "id": "michaelmarkieta-gcp-demos/asia-southeast1/instance-group-manager",
                            "instance_group": "https://www.googleapis.com/compute/v1/projects/michaelmarkieta-gcp-demos/regions/asia-southeast1/instanceGroups/instance-group-manager",
                            "name": "instance-group-manager",
                            "named_port.#": "0",
                            "project": "michaelmarkieta-gcp-demos",
                            "region": "asia-southeast1",
                            "self_link": "https://www.googleapis.com/compute/v1/projects/michaelmarkieta-gcp-demos/regions/asia-southeast1/instanceGroupManagers/instance-group-manager",
                            "target_pools.#": "0",
                            "target_size": "3",
                            "update_policy.#": "1",
                            "update_policy.0.instance_redistribution_type": "PROACTIVE",
                            "update_policy.0.max_surge_fixed": "3",
                            "update_policy.0.max_surge_percent": "0",
                            "update_policy.0.max_unavailable_fixed": "3",
                            "update_policy.0.max_unavailable_percent": "0",
                            "update_policy.0.min_ready_sec": "0",
                            "update_policy.0.minimal_action": "REPLACE",
                            "update_policy.0.type": "OPPORTUNISTIC",
                            "version.#": "1",
                            "version.0.instance_template": "https://www.googleapis.com/compute/v1/projects/michaelmarkieta-gcp-demos/global/instanceTemplates/instance-template",
                            "version.0.name": "latest",
                            "version.0.target_size.#": "0",
                            "wait_for_instances": "false"
                        },
                        "meta": {
                            "e2bfb730-ecaa-11e6-8f88-34363bc7c4c0": {
                                "create": 300000000000,
                                "delete": 900000000000,
                                "update": 300000000000
                            }
                        },
                        "tainted": false
                    },
                    "deposed": [],
                    "provider": "provider.google-beta"
                },
                "google_compute_target_http_proxy.default": {
                    "type": "google_compute_target_http_proxy",
                    "depends_on": [
                        "google_compute_url_map.default"
                    ],
                    "primary": {
                        "id": "multi-region-gce",
                        "attributes": {
                            "creation_timestamp": "2019-08-29T20:41:14.507-07:00",
                            "description": "",
                            "id": "multi-region-gce",
                            "name": "multi-region-gce",
                            "project": "michaelmarkieta-gcp-demos",
                            "proxy_id": "3526548703509029941",
                            "self_link": "https://www.googleapis.com/compute/v1/projects/michaelmarkieta-gcp-demos/global/targetHttpProxies/multi-region-gce",
                            "url_map": "https://www.googleapis.com/compute/v1/projects/michaelmarkieta-gcp-demos/global/urlMaps/multi-region-gce"
                        },
                        "meta": {
                            "e2bfb730-ecaa-11e6-8f88-34363bc7c4c0": {
                                "create": 240000000000,
                                "delete": 240000000000,
                                "update": 240000000000
                            }
                        },
                        "tainted": false
                    },
                    "deposed": [],
                    "provider": "provider.google"
                },
                "google_compute_url_map.default": {
                    "type": "google_compute_url_map",
                    "depends_on": [
                        "google_compute_backend_service.default"
                    ],
                    "primary": {
                        "id": "multi-region-gce",
                        "attributes": {
                            "creation_timestamp": "2019-08-29T20:41:11.016-07:00",
                            "default_service": "https://www.googleapis.com/compute/v1/projects/michaelmarkieta-gcp-demos/global/backendServices/multi-region-gce-backend",
                            "description": "",
                            "fingerprint": "Ou6eKoAArYI=",
                            "host_rule.#": "0",
                            "id": "multi-region-gce",
                            "map_id": "4825985595715429432",
                            "name": "multi-region-gce",
                            "path_matcher.#": "0",
                            "project": "michaelmarkieta-gcp-demos",
                            "self_link": "https://www.googleapis.com/compute/v1/projects/michaelmarkieta-gcp-demos/global/urlMaps/multi-region-gce",
                            "test.#": "0"
                        },
                        "meta": {
                            "e2bfb730-ecaa-11e6-8f88-34363bc7c4c0": {
                                "create": 240000000000,
                                "delete": 240000000000,
                                "update": 240000000000
                            }
                        },
                        "tainted": false
                    },
                    "deposed": [],
                    "provider": "provider.google"
                }
            },
            "depends_on": []
        }
    ]
}
