{
    "version": 3,
    "terraform_version": "0.11.7",
    "serial": 2,
    "lineage": "dea79fe1-138f-e88d-7b6e-85b518d65b49",
    "modules": [
        {
            "path": [
                "root"
            ],
            "outputs": {},
            "resources": {
                "google_container_cluster.cluster_us_central1": {
                    "type": "google_container_cluster",
                    "depends_on": [],
                    "primary": {
                        "id": "cluster-us-central1",
                        "attributes": {
                            "additional_zones.#": "3",
                            "additional_zones.1655143457": "us-central1-f",
                            "additional_zones.533760100": "us-central1-c",
                            "additional_zones.770108134": "us-central1-a",
                            "addons_config.#": "1",
                            "addons_config.0.horizontal_pod_autoscaling.#": "0",
                            "addons_config.0.http_load_balancing.#": "0",
                            "addons_config.0.kubernetes_dashboard.#": "1",
                            "addons_config.0.kubernetes_dashboard.0.disabled": "true",
                            "addons_config.0.network_policy_config.#": "1",
                            "addons_config.0.network_policy_config.0.disabled": "true",
                            "cluster_autoscaling.#": "0",
                            "cluster_ipv4_cidr": "10.60.0.0/14",
                            "description": "",
                            "enable_kubernetes_alpha": "false",
                            "enable_legacy_abac": "false",
                            "endpoint": "104.197.109.204",
                            "id": "cluster-us-central1",
                            "initial_node_count": "1",
                            "instance_group_urls.#": "0",
                            "ip_allocation_policy.#": "0",
                            "location": "us-central1",
                            "logging_service": "logging.googleapis.com",
                            "maintenance_policy.#": "0",
                            "master_auth.#": "1",
                            "master_auth.0.client_certificate": "",
                            "master_auth.0.client_certificate_config.#": "1",
                            "master_auth.0.client_certificate_config.0.issue_client_certificate": "false",
                            "master_auth.0.client_key": "",
                            "master_auth.0.cluster_ca_certificate": "LS0tLS1CRUdJTiBDRVJUSUZJQ0FURS0tLS0tCk1JSURERENDQWZTZ0F3SUJBZ0lSQU9GRlIxeUJ6a2NnY0VhRldUV2NwRlV3RFFZSktvWklodmNOQVFFTEJRQXcKTHpFdE1Dc0dBMVVFQXhNa1lXWmhOekl5WW1VdFpESTVNQzAwT1RObExXSXpaVGN0TVdGaE1tVTBZakppWmpBMgpNQjRYRFRFNU1Ea3dNakUxTkRFeU9Wb1hEVEkwTURnek1URTJOREV5T1Zvd0x6RXRNQ3NHQTFVRUF4TWtZV1poCk56SXlZbVV0WkRJNU1DMDBPVE5sTFdJelpUY3RNV0ZoTW1VMFlqSmlaakEyTUlJQklqQU5CZ2txaGtpRzl3MEIKQVFFRkFBT0NBUThBTUlJQkNnS0NBUUVBK2lWcktXdjVZMGVtbHR5Q3FTbEUvcGVZcEs1VkNGdTBCdHBJRHJzUgpWNmF2WW9ydDArY2pmNk4wZ0VWeUxIZzJnMFdTbDNSbStodnMrUnpKbFJPVzBuSEdOK2RCdkxFYm1CNEV5bHlKCk1nRktHUkxRUVRsUk1OMmtwbjdHbG5GM2xPUHNDcjRtSkxoWU1IU0RLNG5YYU1PTDJiSGNZUzdlMys2eTNIbGIKQlBreWpWSU8xb1g5a1BZYUtRSGlpL0Nqck0xZE1zdHpmTnJDNVNEVHdGakQ3YWxBeVZGNG1kNTQ0REVvOVNMSwpXaHVLczA4SVJKN1JQaE82VWNFQ3JIYzNHbWhJOVlaa2pUU2tXYTFNM2JPV3d0dzU2U0s0RVdvOTBsM09BbnJGCks0azRLc2NLb3V4bFZNMTlxMllWNzQ0Ni8vTWJZbWFrOEJWdkk1T2hXcCtIRHdJREFRQUJveU13SVRBT0JnTlYKSFE4QkFmOEVCQU1DQWdRd0R3WURWUjBUQVFIL0JBVXdBd0VCL3pBTkJna3Foa2lHOXcwQkFRc0ZBQU9DQVFFQQpHb2RFU1llR1BZTFZYSWpIeGRiMkowYjc4RnJSb1FNM3RFSEFCbjF3ZkVzVzRCZk94eEZYL1NGZVpESTJhMWJRCktLaUpIbzd0NGhSb3FYV2xlYXFab0pPZ0NFSWtrK01iaXpYTDBHS0JNemU2b2VOdUFoWmdwWXVRWkpWQWc2ZkYKNnUwRDA4OTRic3dldlhTamxldkFZSzZtbkR0RHRjQnZzOVp6M05FM1lzWEpLNjVsN1lEdllRYkdQTFZ3SGxIVgpEZHMvc0JEMC9lVzNocGthSWgrdzhOSCtmcnZ6M2tVTVRrNFplcWJac2dYVGczREliUUZSWkZabUxMaDlDL3hVCnlZcFNFNlhFTnRCN3B5bUlGQXdlQmxWaHU0cWpWWFd0V1A5ZDdwczJTcFVsNU5FQ0xkVFZ1N1BpSE9KMTFNUWQKUVVVSmJTb0MwRjh6R1I1eWRKN0JrZz09Ci0tLS0tRU5EIENFUlRJRklDQVRFLS0tLS0K",
                            "master_auth.0.password": "",
                            "master_auth.0.username": "",
                            "master_authorized_networks_config.#": "0",
                            "master_version": "1.12.8-gke.10",
                            "monitoring_service": "monitoring.googleapis.com",
                            "name": "cluster-us-central1",
                            "network": "projects/michaelmarkieta-gcp-demos/global/networks/default",
                            "network_policy.#": "1",
                            "network_policy.0.enabled": "false",
                            "network_policy.0.provider": "PROVIDER_UNSPECIFIED",
                            "node_config.#": "0",
                            "node_locations.#": "3",
                            "node_locations.1655143457": "us-central1-f",
                            "node_locations.533760100": "us-central1-c",
                            "node_locations.770108134": "us-central1-a",
                            "node_pool.#": "0",
                            "node_version": "1.12.8-gke.10",
                            "private_cluster_config.#": "0",
                            "project": "michaelmarkieta-gcp-demos",
                            "region": "us-central1",
                            "remove_default_node_pool": "true",
                            "resource_labels.%": "0",
                            "services_ipv4_cidr": "10.63.240.0/20",
                            "subnetwork": "projects/michaelmarkieta-gcp-demos/regions/us-central1/subnetworks/default"
                        },
                        "meta": {
                            "e2bfb730-ecaa-11e6-8f88-34363bc7c4c0": {
                                "create": 1800000000000,
                                "delete": 1800000000000,
                                "update": 3600000000000
                            },
                            "schema_version": "1"
                        },
                        "tainted": false
                    },
                    "deposed": [],
                    "provider": "provider.google"
                },
                "google_container_node_pool.cluster_us_central1_preemptible_nodes": {
                    "type": "google_container_node_pool",
                    "depends_on": [],
                    "primary": {
                        "id": "us-central1/cluster-us-central1/nodepool-us-central1-preemptible",
                        "attributes": {
                            "cluster": "cluster-us-central1",
                            "id": "us-central1/cluster-us-central1/nodepool-us-central1-preemptible",
                            "initial_node_count": "1",
                            "instance_group_urls.#": "3",
                            "instance_group_urls.0": "https://www.googleapis.com/compute/v1/projects/michaelmarkieta-gcp-demos/zones/us-central1-f/instanceGroupManagers/gke-cluster-us-centr-nodepool-us-cent-963e4568-grp",
                            "instance_group_urls.1": "https://www.googleapis.com/compute/v1/projects/michaelmarkieta-gcp-demos/zones/us-central1-a/instanceGroupManagers/gke-cluster-us-centr-nodepool-us-cent-0beaf025-grp",
                            "instance_group_urls.2": "https://www.googleapis.com/compute/v1/projects/michaelmarkieta-gcp-demos/zones/us-central1-c/instanceGroupManagers/gke-cluster-us-centr-nodepool-us-cent-a5c39c3e-grp",
                            "location": "us-central1",
                            "management.#": "1",
                            "management.0.auto_repair": "false",
                            "management.0.auto_upgrade": "false",
                            "name": "nodepool-us-central1-preemptible",
                            "name_prefix": "",
                            "node_config.#": "1",
                            "node_config.0.disk_size_gb": "100",
                            "node_config.0.disk_type": "pd-standard",
                            "node_config.0.guest_accelerator.#": "0",
                            "node_config.0.image_type": "COS",
                            "node_config.0.labels.%": "0",
                            "node_config.0.local_ssd_count": "0",
                            "node_config.0.machine_type": "n1-standard-1",
                            "node_config.0.metadata.%": "1",
                            "node_config.0.metadata.disable-legacy-endpoints": "true",
                            "node_config.0.min_cpu_platform": "",
                            "node_config.0.oauth_scopes.#": "2",
                            "node_config.0.oauth_scopes.1277378754": "https://www.googleapis.com/auth/monitoring",
                            "node_config.0.oauth_scopes.172152165": "https://www.googleapis.com/auth/logging.write",
                            "node_config.0.preemptible": "true",
                            "node_config.0.sandbox_config.#": "0",
                            "node_config.0.service_account": "default",
                            "node_config.0.tags.#": "0",
                            "node_config.0.taint.#": "0",
                            "node_config.0.workload_metadata_config.#": "0",
                            "node_count": "1",
                            "project": "michaelmarkieta-gcp-demos",
                            "region": "us-central1",
                            "version": "1.12.8-gke.10"
                        },
                        "meta": {
                            "e2bfb730-ecaa-11e6-8f88-34363bc7c4c0": {
                                "create": 1800000000000,
                                "delete": 600000000000,
                                "update": 600000000000
                            },
                            "schema_version": "1"
                        },
                        "tainted": false
                    },
                    "deposed": [],
                    "provider": "provider.google"
                }
            },
            "depends_on": []
        }
    ]
}
